// !$*UTF8*$!
{
	archiveVersion = 1;
	classes = {
	};
	objectVersion = 46;
	objects = {

/* Begin PBXBuildFile section */
		F20ECDAE1E894BD600DE9DE8 /* DemoCoreData.xcdatamodeld in Sources */ = {isa = PBXBuildFile; fileRef = F20ECDAC1E894BD600DE9DE8 /* DemoCoreData.xcdatamodeld */; };
		F245BF351E891A8E002B9A88 /* AppDelegate.swift in Sources */ = {isa = PBXBuildFile; fileRef = F245BF341E891A8E002B9A88 /* AppDelegate.swift */; };
		F245BF3A1E891A8F002B9A88 /* Main.storyboard in Resources */ = {isa = PBXBuildFile; fileRef = F245BF381E891A8F002B9A88 /* Main.storyboard */; };
		F245BF3F1E891A8F002B9A88 /* Assets.xcassets in Resources */ = {isa = PBXBuildFile; fileRef = F245BF3E1E891A8F002B9A88 /* Assets.xcassets */; };
		F245BF421E891A8F002B9A88 /* LaunchScreen.storyboard in Resources */ = {isa = PBXBuildFile; fileRef = F245BF401E891A8F002B9A88 /* LaunchScreen.storyboard */; };
		F245BF4A1E891F9E002B9A88 /* TableViewController.swift in Sources */ = {isa = PBXBuildFile; fileRef = F245BF491E891F9E002B9A88 /* TableViewController.swift */; };
/* End PBXBuildFile section */

/* Begin PBXFileReference section */
		F20ECDAD1E894BD600DE9DE8 /* DemoCoreData.xcdatamodel */ = {isa = PBXFileReference; lastKnownFileType = wrapper.xcdatamodel; path = DemoCoreData.xcdatamodel; sourceTree = "<group>"; };
		F245BF311E891A8E002B9A88 /* DemoCoreData.app */ = {isa = PBXFileReference; explicitFileType = wrapper.application; includeInIndex = 0; path = DemoCoreData.app; sourceTree = BUILT_PRODUCTS_DIR; };
		F245BF341E891A8E002B9A88 /* AppDelegate.swift */ = {isa = PBXFileReference; lastKnownFileType = sourcecode.swift; path = AppDelegate.swift; sourceTree = "<group>"; };
		F245BF391E891A8F002B9A88 /* Base */ = {isa = PBXFileReference; lastKnownFileType = file.storyboard; name = Base; path = Base.lproj/Main.storyboard; sourceTree = "<group>"; };
		F245BF3E1E891A8F002B9A88 /* Assets.xcassets */ = {isa = PBXFileReference; lastKnownFileType = folder.assetcatalog; path = Assets.xcassets; sourceTree = "<group>"; };
		F245BF411E891A8F002B9A88 /* Base */ = {isa = PBXFileReference; lastKnownFileType = file.storyboard; name = Base; path = Base.lproj/LaunchScreen.storyboard; sourceTree = "<group>"; };
		F245BF431E891A8F002B9A88 /* Info.plist */ = {isa = PBXFileReference; lastKnownFileType = text.plist.xml; path = Info.plist; sourceTree = "<group>"; };
		F245BF491E891F9E002B9A88 /* TableViewController.swift */ = {isa = PBXFileReference; fileEncoding = 4; lastKnownFileType = sourcecode.swift; path = TableViewController.swift; sourceTree = "<group>"; };
/* End PBXFileReference section */

/* Begin PBXFrameworksBuildPhase section */
		F245BF2E1E891A8E002B9A88 /* Frameworks */ = {
			isa = PBXFrameworksBuildPhase;
			buildActionMask = 2147483647;
			files = (
			);
			runOnlyForDeploymentPostprocessing = 0;
		};
/* End PBXFrameworksBuildPhase section */

/* Begin PBXGroup section */
		F245BF281E891A8E002B9A88 = {
			isa = PBXGroup;
			children = (
				F245BF331E891A8E002B9A88 /* DemoCoreData */,
				F245BF321E891A8E002B9A88 /* Products */,
			);
			sourceTree = "<group>";
		};
		F245BF321E891A8E002B9A88 /* Products */ = {
			isa = PBXGroup;
			children = (
				F245BF311E891A8E002B9A88 /* DemoCoreData.app */,
			);
			name = Products;
			sourceTree = "<group>";
		};
		F245BF331E891A8E002B9A88 /* DemoCoreData */ = {
			isa = PBXGroup;
			children = (
				F245BF381E891A8F002B9A88 /* Main.storyboard */,
				F245BF341E891A8E002B9A88 /* AppDelegate.swift */,
				F245BF491E891F9E002B9A88 /* TableViewController.swift */,
				F20ECDAC1E894BD600DE9DE8 /* DemoCoreData.xcdatamodeld */,
				F245BF3E1E891A8F002B9A88 /* Assets.xcassets */,
				F245BF401E891A8F002B9A88 /* LaunchScreen.storyboard */,
				F245BF431E891A8F002B9A88 /* Info.plist */,
			);
			path = DemoCoreData;
			sourceTree = "<group>";
		};
/* End PBXGroup section */

/* Begin PBXNativeTarget section */
		F245BF301E891A8E002B9A88 /* DemoCoreData */ = {
			isa = PBXNativeTarget;
			buildConfigurationList = F245BF461E891A8F002B9A88 /* Build configuration list for PBXNativeTarget "DemoCoreData" */;
			buildPhases = (
				F245BF2D1E891A8E002B9A88 /* Sources */,
				F245BF2E1E891A8E002B9A88 /* Frameworks */,
				F245BF2F1E891A8E002B9A88 /* Resources */,
			);
			buildRules = (
			);
			dependencies = (
			);
			name = DemoCoreData;
			productName = DemoCoreData;
			productReference = F245BF311E891A8E002B9A88 /* DemoCoreData.app */;
			productType = "com.apple.product-type.application";
		};
/* End PBXNativeTarget section */

/* Begin PBXProject section */
		F245BF291E891A8E002B9A88 /* Project object */ = {
			isa = PBXProject;
			attributes = {
				LastSwiftUpdateCheck = 0820;
				LastUpgradeCheck = 0820;
				ORGANIZATIONNAME = "Aleksandr Kalinin";
				TargetAttributes = {
					F245BF301E891A8E002B9A88 = {
						CreatedOnToolsVersion = 8.2.1;
						ProvisioningStyle = Automatic;
					};
				};
			};
			buildConfigurationList = F245BF2C1E891A8E002B9A88 /* Build configuration list for PBXProject "DemoCoreData" */;
			compatibilityVersion = "Xcode 3.2";
			developmentRegion = English;
			hasScannedForEncodings = 0;
			knownRegions = (
				en,
				Base,
			);
			mainGroup = F245BF281E891A8E002B9A88;
			productRefGroup = F245BF321E891A8E002B9A88 /* Products */;
			projectDirPath = "";
			projectRoot = "";
			targets = (
				F245BF301E891A8E002B9A88 /* DemoCoreData */,
			);
		};
/* End PBXProject section */

/* Begin PBXResourcesBuildPhase section */
		F245BF2F1E891A8E002B9A88 /* Resources */ = {
			isa = PBXResourcesBuildPhase;
			buildActionMask = 2147483647;
			files = (
				F245BF421E891A8F002B9A88 /* LaunchScreen.storyboard in Resources */,
				F245BF3F1E891A8F002B9A88 /* Assets.xcassets in Resources */,
				F245BF3A1E891A8F002B9A88 /* Main.storyboard in Resources */,
			);
			runOnlyForDeploymentPostprocessing = 0;
		};
/* End PBXResourcesBuildPhase section */

/* Begin PBXSourcesBuildPhase section */
		F245BF2D1E891A8E002B9A88 /* Sources */ = {
			isa = PBXSourcesBuildPhase;
			buildActionMask = 2147483647;
			files = (
				F245BF351E891A8E002B9A88 /* AppDelegate.swift in Sources */,
				F20ECDAE1E894BD600DE9DE8 /* DemoCoreData.xcdatamodeld in Sources */,
				F245BF4A1E891F9E002B9A88 /* TableViewController.swift in Sources */,
			);
			runOnlyForDeploymentPostprocessing = 0;
		};
/* End PBXSourcesBuildPhase section */

/* Begin PBXVariantGroup section */
		F245BF381E891A8F002B9A88 /* Main.storyboard */ = {
			isa = PBXVariantGroup;
			children = (
				F245BF391E891A8F002B9A88 /* Base */,
			);
			name = Main.storyboard;
			sourceTree = "<group>";
		};
		F245BF401E891A8F002B9A88 /* LaunchScreen.storyboard */ = {
			isa = PBXVariantGroup;
			children = (
				F245BF411E891A8F002B9A88 /* Base */,
			);
			name = LaunchScreen.storyboard;
			sourceTree = "<group>";
		};
/* End PBXVariantGroup section */

/* Begin XCBuildConfiguration section */
		F245BF441E891A8F002B9A88 /* Debug */ = {
			isa = XCBuildConfiguration;
			buildSettings = {
				ALWAYS_SEARCH_USER_PATHS = NO;
				CLANG_ANALYZER_NONNULL = YES;
				CLANG_CXX_LANGUAGE_STANDARD = "gnu++0x";
				CLANG_CXX_LIBRARY = "libc++";
				CLANG_ENABLE_MODULES = YES;
				CLANG_ENABLE_OBJC_ARC = YES;
				CLANG_WARN_BOOL_CONVERSION = YES;
				CLANG_WARN_CONSTANT_CONVERSION = YES;
				CLANG_WARN_DIRECT_OBJC_ISA_USAGE = YES_ERROR;
				CLANG_WARN_DOCUMENTATION_COMMENTS = YES;
				CLANG_WARN_EMPTY_BODY = YES;
				CLANG_WARN_ENUM_CONVERSION = YES;
				CLANG_WARN_INFINITE_RECURSION = YES;
				CLANG_WARN_INT_CONVERSION = YES;
				CLANG_WARN_OBJC_ROOT_CLASS = YES_ERROR;
				CLANG_WARN_SUSPICIOUS_MOVE = YES;
				CLANG_WARN_UNREACHABLE_CODE = YES;
				CLANG_WARN__DUPLICATE_METHOD_MATCH = YES;
				"CODE_SIGN_IDENTITY[sdk=iphoneos*]" = "iPhone Developer";
				COPY_PHASE_STRIP = NO;
				DEBUG_INFORMATION_FORMAT = dwarf;
				ENABLE_STRICT_OBJC_MSGSEND = YES;
				ENABLE_TESTABILITY = YES;
				GCC_C_LANGUAGE_STANDARD = gnu99;
				GCC_DYNAMIC_NO_PIC = NO;
				GCC_NO_COMMON_BLOCKS = YES;
				GCC_OPTIMIZATION_LEVEL = 0;
				GCC_PREPROCESSOR_DEFINITIONS = (
					"DEBUG=1",
					"$(inherited)",
				);
				GCC_WARN_64_TO_32_BIT_CONVERSION = YES;
				GCC_WARN_ABOUT_RETURN_TYPE = YES_ERROR;
				GCC_WARN_UNDECLARED_SELECTOR = YES;
				GCC_WARN_UNINITIALIZED_AUTOS = YES_AGGRESSIVE;
				GCC_WARN_UNUSED_FUNCTION = YES;
				GCC_WARN_UNUSED_VARIABLE = YES;
				IPHONEOS_DEPLOYMENT_TARGET = 10.2;
				MTL_ENABLE_DEBUG_INFO = YES;
				ONLY_ACTIVE_ARCH = YES;
				SDKROOT = iphoneos;
				SWIFT_ACTIVE_COMPILATION_CONDITIONS = DEBUG;
				SWIFT_OPTIMIZATION_LEVEL = "-Onone";
			};
			name = Debug;
		};
		F245BF451E891A8F002B9A88 /* Release */ = {
			isa = XCBuildConfiguration;
			buildSettings = {
				ALWAYS_SEARCH_USER_PATHS = NO;
				CLANG_ANALYZER_NONNULL = YES;
				CLANG_CXX_LANGUAGE_STANDARD = "gnu++0x";
				CLANG_CXX_LIBRARY = "libc++";
				CLANG_ENABLE_MODULES = YES;
				CLANG_ENABLE_OBJC_ARC = YES;
				CLANG_WARN_BOOL_CONVERSION = YES;
				CLANG_WARN_CONSTANT_CONVERSION = YES;
				CLANG_WARN_DIRECT_OBJC_ISA_USAGE = YES_ERROR;
				CLANG_WARN_DOCUMENTATION_COMMENTS = YES;
				CLANG_WARN_EMPTY_BODY = YES;
				CLANG_WARN_ENUM_CONVERSION = YES;
				CLANG_WARN_INFINITE_RECURSION = YES;
				CLANG_WARN_INT_CONVERSION = YES;
				CLANG_WARN_OBJC_ROOT_CLASS = YES_ERROR;
				CLANG_WARN_SUSPICIOUS_MOVE = YES;
				CLANG_WARN_UNREACHABLE_CODE = YES;
				CLANG_WARN__DUPLICATE_METHOD_MATCH = YES;
				"CODE_SIGN_IDENTITY[sdk=iphoneos*]" = "iPhone Developer";
				COPY_PHASE_STRIP = NO;
				DEBUG_INFORMATION_FORMAT = "dwarf-with-dsym";
				ENABLE_NS_ASSERTIONS = NO;
				ENABLE_STRICT_OBJC_MSGSEND = YES;
				GCC_C_LANGUAGE_STANDARD = gnu99;
				GCC_NO_COMMON_BLOCKS = YES;
				GCC_WARN_64_TO_32_BIT_CONVERSION = YES;
				GCC_WARN_ABOUT_RETURN_TYPE = YES_ERROR;
				GCC_WARN_UNDECLARED_SELECTOR = YES;
				GCC_WARN_UNINITIALIZED_AUTOS = YES_AGGRESSIVE;
				GCC_WARN_UNUSED_FUNCTION = YES;
				GCC_WARN_UNUSED_VARIABLE = YES;
				IPHONEOS_DEPLOYMENT_TARGET = 10.2;
				MTL_ENABLE_DEBUG_INFO = NO;
				SDKROOT = iphoneos;
				SWIFT_OPTIMIZATION_LEVEL = "-Owholemodule";
				VALIDATE_PRODUCT = YES;
			};
			name = Release;
		};
		F245BF471E891A8F002B9A88 /* Debug */ = {
			isa = XCBuildConfiguration;
			buildSettings = {
				ASSETCATALOG_COMPILER_APPICON_NAME = AppIcon;
				"CODE_SIGN_IDENTITY[sdk=iphoneos*]" = "iPhone Developer";
				DEVELOPMENT_TEAM = "";
				INFOPLIST_FILE = DemoCoreData/Info.plist;
				LD_RUNPATH_SEARCH_PATHS = "$(inherited) @executable_path/Frameworks";
				PRODUCT_BUNDLE_IDENTIFIER = AK.DemoCoreData;
				PRODUCT_NAME = "$(TARGET_NAME)";
				SWIFT_VERSION = 3.0;
			};
			name = Debug;
		};
		F245BF481E891A8F002B9A88 /* Release */ = {
			isa = XCBuildConfiguration;
			buildSettings = {
				ASSETCATALOG_COMPILER_APPICON_NAME = AppIcon;
				"CODE_SIGN_IDENTITY[sdk=iphoneos*]" = "iPhone Developer";
				DEVELOPMENT_TEAM = "";
				INFOPLIST_FILE = DemoCoreData/Info.plist;
				LD_RUNPATH_SEARCH_PATHS = "$(inherited) @executable_path/Frameworks";
				PRODUCT_BUNDLE_IDENTIFIER = AK.DemoCoreData;
				PRODUCT_NAME = "$(TARGET_NAME)";
				SWIFT_VERSION = 3.0;
			};
			name = Release;
		};
/* End XCBuildConfiguration section */

/* Begin XCConfigurationList section */
		F245BF2C1E891A8E002B9A88 /* Build configuration list for PBXProject "DemoCoreData" */ = {
			isa = XCConfigurationList;
			buildConfigurations = (
				F245BF441E891A8F002B9A88 /* Debug */,
				F245BF451E891A8F002B9A88 /* Release */,
			);
			defaultConfigurationIsVisible = 0;
			defaultConfigurationName = Release;
		};
		F245BF461E891A8F002B9A88 /* Build configuration list for PBXNativeTarget "DemoCoreData" */ = {
			isa = XCConfigurationList;
			buildConfigurations = (
				F245BF471E891A8F002B9A88 /* Debug */,
				F245BF481E891A8F002B9A88 /* Release */,
			);
			defaultConfigurationIsVisible = 0;
			defaultConfigurationName = Release;
		};
/* End XCConfigurationList section */

/* Begin XCVersionGroup section */
		F20ECDAC1E894BD600DE9DE8 /* DemoCoreData.xcdatamodeld */ = {
			isa = XCVersionGroup;
			children = (
				F20ECDAD1E894BD600DE9DE8 /* DemoCoreData.xcdatamodel */,
			);
			currentVersion = F20ECDAD1E894BD600DE9DE8 /* DemoCoreData.xcdatamodel */;
			path = DemoCoreData.xcdatamodeld;
			sourceTree = "<group>";
			versionGroupType = wrapper.xcdatamodel;
		};
/* End XCVersionGroup section */
	};
	rootObject = F245BF291E891A8E002B9A88 /* Project object */;
}
